
Microsoft Visual Studio Solution File, Format Version 12.00
# Visual Studio Version 17
VisualStudioVersion = 17.4.33122.133
MinimumVisualStudioVersion = 10.0.40219.1
Project("{FAE04EC0-301F-11D3-BF4B-00C04F79EFBC}") = "NetCoreMaster", "NetCoreMaster.csproj", "{1EABF411-3EB4-47CF-A469-4C5C1B1F9805}"
EndProject
Global
	GlobalSection(SolutionConfigurationPlatforms) = preSolution
		Debug|Any CPU = Debug|Any CPU
		Release|Any CPU = Release|Any CPU
	EndGlobalSection
	GlobalSection(ProjectConfigurationPlatforms) = postSolution
		{1EABF411-3EB4-47CF-A469-4C5C1B1F9805}.Debug|Any CPU.ActiveCfg = Debug|Any CPU
		{1EABF411-3EB4-47CF-A469-4C5C1B1F9805}.Debug|Any CPU.Build.0 = Debug|Any CPU
		{1EABF411-3EB4-47CF-A469-4C5C1B1F9805}.Release|Any CPU.ActiveCfg = Release|Any CPU
		{1EABF411-3EB4-47CF-A469-4C5C1B1F9805}.Release|Any CPU.Build.0 = Release|Any CPU
	EndGlobalSection
	GlobalSection(SolutionProperties) = preSolution
		HideSolutionNode = FALSE
	EndGlobalSection
	GlobalSection(ExtensibilityGlobals) = postSolution
		SolutionGuid = {D99FFF96-F3D4-4374-AF17-95ACF8ADFF4A}
	EndGlobalSection
EndGlobal
